
Microsoft Visual Studio Solution File, Format Version 12.00
# Visual Studio Version 17
VisualStudioVersion = 17.4.33213.308
MinimumVisualStudioVersion = 10.0.40219.1
Project("{FAE04EC0-301F-11D3-BF4B-00C04F79EFBC}") = "RSVP", "RSVP\RSVP.csproj", "{1A822C0C-467F-420A-89DC-060D9E577D8E}"
EndProject
Global
	GlobalSection(SolutionConfigurationPlatforms) = preSolution
		Debug|Any CPU = Debug|Any CPU
		Release|Any CPU = Release|Any CPU
	EndGlobalSection
	GlobalSection(ProjectConfigurationPlatforms) = postSolution
		{1A822C0C-467F-420A-89DC-060D9E577D8E}.Debug|Any CPU.ActiveCfg = Debug|Any CPU
		{1A822C0C-467F-420A-89DC-060D9E577D8E}.Debug|Any CPU.Build.0 = Debug|Any CPU
		{1A822C0C-467F-420A-89DC-060D9E577D8E}.Release|Any CPU.ActiveCfg = Release|Any CPU
		{1A822C0C-467F-420A-89DC-060D9E577D8E}.Release|Any CPU.Build.0 = Release|Any CPU
	EndGlobalSection
	GlobalSection(SolutionProperties) = preSolution
		HideSolutionNode = FALSE
	EndGlobalSection
	GlobalSection(ExtensibilityGlobals) = postSolution
		SolutionGuid = {D29A2778-D426-4E9B-9761-DDFDF29E4E86}
	EndGlobalSection
EndGlobal
